
Microsoft Visual Studio Solution File, Format Version 12.00
Project("{FAE04EC0-301F-11D3-BF4B-00C04F79EFBC}") = "WriteReadPD", "WriteReadPD\WriteReadPD.csproj", "{F485F023-32AE-4D94-833D-7D77AC131ABF}"
EndProject
Global
	GlobalSection(SolutionConfigurationPlatforms) = preSolution
		Debug|Any CPU = Debug|Any CPU
		Release|Any CPU = Release|Any CPU
	EndGlobalSection
	GlobalSection(ProjectConfigurationPlatforms) = postSolution
		{F485F023-32AE-4D94-833D-7D77AC131ABF}.Debug|Any CPU.ActiveCfg = Debug|Any CPU
		{F485F023-32AE-4D94-833D-7D77AC131ABF}.Debug|Any CPU.Build.0 = Debug|Any CPU
		{F485F023-32AE-4D94-833D-7D77AC131ABF}.Release|Any CPU.ActiveCfg = Release|Any CPU
		{F485F023-32AE-4D94-833D-7D77AC131ABF}.Release|Any CPU.Build.0 = Release|Any CPU
	EndGlobalSection
EndGlobal
